// !$*UTF8*$!
{
	archiveVersion = 1;
	classes = {
	};
	objectVersion = 55;
	objects = {

/* Begin PBXBuildFile section */
		C84E478C2C0714CE004C2D85 /* DateExtension.swift in Sources */ = {isa = PBXBuildFile; fileRef = C84E478B2C0714CE004C2D85 /* DateExtension.swift */; };
		C84E478E2C0714DE004C2D85 /* UILabelExtension.swift in Sources */ = {isa = PBXBuildFile; fileRef = C84E478D2C0714DE004C2D85 /* UILabelExtension.swift */; };
		C865FA5C27973AE000F0270E /* CustomTextField.swift in Sources */ = {isa = PBXBuildFile; fileRef = C865FA5B27973AE000F0270E /* CustomTextField.swift */; };
		C865FA5E27973C4A00F0270E /* CustomTextView.swift in Sources */ = {isa = PBXBuildFile; fileRef = C865FA5D27973C4A00F0270E /* CustomTextView.swift */; };
		C8BED24D2797887A009F32C0 /* TableViewManager.swift in Sources */ = {isa = PBXBuildFile; fileRef = C8BED24C2797887A009F32C0 /* TableViewManager.swift */; };
		C8CFCAE527997178000E035B /* MyNotes.xcdatamodeld in Sources */ = {isa = PBXBuildFile; fileRef = C8CFCAE327997178000E035B /* MyNotes.xcdatamodeld */; };
		C8CFCAE8279972BA000E035B /* Note+CoreDataClass.swift in Sources */ = {isa = PBXBuildFile; fileRef = C8CFCAE6279972BA000E035B /* Note+CoreDataClass.swift */; };
		C8CFCAE9279972BA000E035B /* Note+CoreDataProperties.swift in Sources */ = {isa = PBXBuildFile; fileRef = C8CFCAE7279972BA000E035B /* Note+CoreDataProperties.swift */; };
		C8CFCAEB27998382000E035B /* CoreDataManager.swift in Sources */ = {isa = PBXBuildFile; fileRef = C8CFCAEA27998382000E035B /* CoreDataManager.swift */; };
		C8DC76BA278E0E5200E77A52 /* AppDelegate.swift in Sources */ = {isa = PBXBuildFile; fileRef = C8DC76B9278E0E5200E77A52 /* AppDelegate.swift */; };
		C8DC76BC278E0E5200E77A52 /* SceneDelegate.swift in Sources */ = {isa = PBXBuildFile; fileRef = C8DC76BB278E0E5200E77A52 /* SceneDelegate.swift */; };
		C8DC76BE278E0E5200E77A52 /* MainViewController.swift in Sources */ = {isa = PBXBuildFile; fileRef = C8DC76BD278E0E5200E77A52 /* MainViewController.swift */; };
		C8DC76C3278E0E5300E77A52 /* Assets.xcassets in Resources */ = {isa = PBXBuildFile; fileRef = C8DC76C2278E0E5300E77A52 /* Assets.xcassets */; };
		C8DC76C6278E0E5300E77A52 /* LaunchScreen.storyboard in Resources */ = {isa = PBXBuildFile; fileRef = C8DC76C4278E0E5300E77A52 /* LaunchScreen.storyboard */; };
		C8DC76D0278E0E9200E77A52 /* NoteCell.swift in Sources */ = {isa = PBXBuildFile; fileRef = C8DC76CF278E0E9200E77A52 /* NoteCell.swift */; };
		C8DC76D2278E0F3200E77A52 /* NoteViewController.swift in Sources */ = {isa = PBXBuildFile; fileRef = C8DC76D1278E0F3200E77A52 /* NoteViewController.swift */; };
		C8DC76D4278E14EA00E77A52 /* AddButton.swift in Sources */ = {isa = PBXBuildFile; fileRef = C8DC76D3278E14EA00E77A52 /* AddButton.swift */; };
/* End PBXBuildFile section */

/* Begin PBXFileReference section */
		C84E478B2C0714CE004C2D85 /* DateExtension.swift */ = {isa = PBXFileReference; lastKnownFileType = sourcecode.swift; path = DateExtension.swift; sourceTree = "<group>"; };
		C84E478D2C0714DE004C2D85 /* UILabelExtension.swift */ = {isa = PBXFileReference; lastKnownFileType = sourcecode.swift; path = UILabelExtension.swift; sourceTree = "<group>"; };
		C865FA5B27973AE000F0270E /* CustomTextField.swift */ = {isa = PBXFileReference; lastKnownFileType = sourcecode.swift; path = CustomTextField.swift; sourceTree = "<group>"; };
		C865FA5D27973C4A00F0270E /* CustomTextView.swift */ = {isa = PBXFileReference; lastKnownFileType = sourcecode.swift; path = CustomTextView.swift; sourceTree = "<group>"; };
		C8BED24C2797887A009F32C0 /* TableViewManager.swift */ = {isa = PBXFileReference; lastKnownFileType = sourcecode.swift; path = TableViewManager.swift; sourceTree = "<group>"; };
		C8CFCAE427997178000E035B /* MyNotes.xcdatamodel */ = {isa = PBXFileReference; lastKnownFileType = wrapper.xcdatamodel; path = MyNotes.xcdatamodel; sourceTree = "<group>"; };
		C8CFCAE6279972BA000E035B /* Note+CoreDataClass.swift */ = {isa = PBXFileReference; lastKnownFileType = sourcecode.swift; path = "Note+CoreDataClass.swift"; sourceTree = "<group>"; };
		C8CFCAE7279972BA000E035B /* Note+CoreDataProperties.swift */ = {isa = PBXFileReference; lastKnownFileType = sourcecode.swift; path = "Note+CoreDataProperties.swift"; sourceTree = "<group>"; };
		C8CFCAEA27998382000E035B /* CoreDataManager.swift */ = {isa = PBXFileReference; lastKnownFileType = sourcecode.swift; path = CoreDataManager.swift; sourceTree = "<group>"; };
		C8DC76B6278E0E5200E77A52 /* NotesApp.app */ = {isa = PBXFileReference; explicitFileType = wrapper.application; includeInIndex = 0; path = NotesApp.app; sourceTree = BUILT_PRODUCTS_DIR; };
		C8DC76B9278E0E5200E77A52 /* AppDelegate.swift */ = {isa = PBXFileReference; lastKnownFileType = sourcecode.swift; path = AppDelegate.swift; sourceTree = "<group>"; };
		C8DC76BB278E0E5200E77A52 /* SceneDelegate.swift */ = {isa = PBXFileReference; lastKnownFileType = sourcecode.swift; path = SceneDelegate.swift; sourceTree = "<group>"; };
		C8DC76BD278E0E5200E77A52 /* MainViewController.swift */ = {isa = PBXFileReference; lastKnownFileType = sourcecode.swift; path = MainViewController.swift; sourceTree = "<group>"; };
		C8DC76C2278E0E5300E77A52 /* Assets.xcassets */ = {isa = PBXFileReference; lastKnownFileType = folder.assetcatalog; path = Assets.xcassets; sourceTree = "<group>"; };
		C8DC76C5278E0E5300E77A52 /* Base */ = {isa = PBXFileReference; lastKnownFileType = file.storyboard; name = Base; path = Base.lproj/LaunchScreen.storyboard; sourceTree = "<group>"; };
		C8DC76C7278E0E5300E77A52 /* Info.plist */ = {isa = PBXFileReference; lastKnownFileType = text.plist.xml; path = Info.plist; sourceTree = "<group>"; };
		C8DC76CF278E0E9200E77A52 /* NoteCell.swift */ = {isa = PBXFileReference; lastKnownFileType = sourcecode.swift; path = NoteCell.swift; sourceTree = "<group>"; };
		C8DC76D1278E0F3200E77A52 /* NoteViewController.swift */ = {isa = PBXFileReference; lastKnownFileType = sourcecode.swift; path = NoteViewController.swift; sourceTree = "<group>"; };
		C8DC76D3278E14EA00E77A52 /* AddButton.swift */ = {isa = PBXFileReference; lastKnownFileType = sourcecode.swift; path = AddButton.swift; sourceTree = "<group>"; };
/* End PBXFileReference section */

/* Begin PBXFrameworksBuildPhase section */
		C8DC76B3278E0E5200E77A52 /* Frameworks */ = {
			isa = PBXFrameworksBuildPhase;
			buildActionMask = 2147483647;
			files = (
			);
			runOnlyForDeploymentPostprocessing = 0;
		};
/* End PBXFrameworksBuildPhase section */

/* Begin PBXGroup section */
		C84E478F2C0714EF004C2D85 /* Extensions */ = {
			isa = PBXGroup;
			children = (
				C84E478D2C0714DE004C2D85 /* UILabelExtension.swift */,
				C84E478B2C0714CE004C2D85 /* DateExtension.swift */,
			);
			path = Extensions;
			sourceTree = "<group>";
		};
		C8BED24F27978FA8009F32C0 /* Controllers */ = {
			isa = PBXGroup;
			children = (
				C8DC76D1278E0F3200E77A52 /* NoteViewController.swift */,
				C8DC76BD278E0E5200E77A52 /* MainViewController.swift */,
			);
			path = Controllers;
			sourceTree = "<group>";
		};
		C8BED25027978FC2009F32C0 /* Model */ = {
			isa = PBXGroup;
			children = (
				C8CFCAE6279972BA000E035B /* Note+CoreDataClass.swift */,
				C8CFCAE7279972BA000E035B /* Note+CoreDataProperties.swift */,
				C8BED24C2797887A009F32C0 /* TableViewManager.swift */,
				C8DC76CF278E0E9200E77A52 /* NoteCell.swift */,
				C8CFCAEA27998382000E035B /* CoreDataManager.swift */,
			);
			path = Model;
			sourceTree = "<group>";
		};
		C8BED25127978FE3009F32C0 /* View */ = {
			isa = PBXGroup;
			children = (
				C8DC76D3278E14EA00E77A52 /* AddButton.swift */,
				C865FA5B27973AE000F0270E /* CustomTextField.swift */,
				C865FA5D27973C4A00F0270E /* CustomTextView.swift */,
			);
			path = View;
			sourceTree = "<group>";
		};
		C8DC76AD278E0E5200E77A52 = {
			isa = PBXGroup;
			children = (
				C8DC76B8278E0E5200E77A52 /* NotesApp */,
				C8DC76B7278E0E5200E77A52 /* Products */,
			);
			sourceTree = "<group>";
		};
		C8DC76B7278E0E5200E77A52 /* Products */ = {
			isa = PBXGroup;
			children = (
				C8DC76B6278E0E5200E77A52 /* NotesApp.app */,
			);
			name = Products;
			sourceTree = "<group>";
		};
		C8DC76B8278E0E5200E77A52 /* NotesApp */ = {
			isa = PBXGroup;
			children = (
				C8DC76B9278E0E5200E77A52 /* AppDelegate.swift */,
				C8DC76BB278E0E5200E77A52 /* SceneDelegate.swift */,
				C84E478F2C0714EF004C2D85 /* Extensions */,
				C8BED25027978FC2009F32C0 /* Model */,
				C8BED25127978FE3009F32C0 /* View */,
				C8BED24F27978FA8009F32C0 /* Controllers */,
				C8CFCAE327997178000E035B /* MyNotes.xcdatamodeld */,
				C8DC76C2278E0E5300E77A52 /* Assets.xcassets */,
				C8DC76C4278E0E5300E77A52 /* LaunchScreen.storyboard */,
				C8DC76C7278E0E5300E77A52 /* Info.plist */,
			);
			path = NotesApp;
			sourceTree = "<group>";
		};
/* End PBXGroup section */

/* Begin PBXNativeTarget section */
		C8DC76B5278E0E5200E77A52 /* NotesApp */ = {
			isa = PBXNativeTarget;
			buildConfigurationList = C8DC76CA278E0E5300E77A52 /* Build configuration list for PBXNativeTarget "NotesApp" */;
			buildPhases = (
				C8DC76B2278E0E5200E77A52 /* Sources */,
				C8DC76B3278E0E5200E77A52 /* Frameworks */,
				C8DC76B4278E0E5200E77A52 /* Resources */,
			);
			buildRules = (
			);
			dependencies = (
			);
			name = NotesApp;
			productName = NotesApp;
			productReference = C8DC76B6278E0E5200E77A52 /* NotesApp.app */;
			productType = "com.apple.product-type.application";
		};
/* End PBXNativeTarget section */

/* Begin PBXProject section */
		C8DC76AE278E0E5200E77A52 /* Project object */ = {
			isa = PBXProject;
			attributes = {
				BuildIndependentTargetsInParallel = 1;
				LastSwiftUpdateCheck = 1320;
				LastUpgradeCheck = 1320;
				TargetAttributes = {
					C8DC76B5278E0E5200E77A52 = {
						CreatedOnToolsVersion = 13.2.1;
					};
				};
			};
			buildConfigurationList = C8DC76B1278E0E5200E77A52 /* Build configuration list for PBXProject "NotesApp" */;
			compatibilityVersion = "Xcode 13.0";
			developmentRegion = en;
			hasScannedForEncodings = 0;
			knownRegions = (
				en,
				Base,
			);
			mainGroup = C8DC76AD278E0E5200E77A52;
			productRefGroup = C8DC76B7278E0E5200E77A52 /* Products */;
			projectDirPath = "";
			projectRoot = "";
			targets = (
				C8DC76B5278E0E5200E77A52 /* NotesApp */,
			);
		};
/* End PBXProject section */

/* Begin PBXResourcesBuildPhase section */
		C8DC76B4278E0E5200E77A52 /* Resources */ = {
			isa = PBXResourcesBuildPhase;
			buildActionMask = 2147483647;
			files = (
				C8DC76C6278E0E5300E77A52 /* LaunchScreen.storyboard in Resources */,
				C8DC76C3278E0E5300E77A52 /* Assets.xcassets in Resources */,
			);
			runOnlyForDeploymentPostprocessing = 0;
		};
/* End PBXResourcesBuildPhase section */

/* Begin PBXSourcesBuildPhase section */
		C8DC76B2278E0E5200E77A52 /* Sources */ = {
			isa = PBXSourcesBuildPhase;
			buildActionMask = 2147483647;
			files = (
				C8DC76BE278E0E5200E77A52 /* MainViewController.swift in Sources */,
				C84E478C2C0714CE004C2D85 /* DateExtension.swift in Sources */,
				C8CFCAE9279972BA000E035B /* Note+CoreDataProperties.swift in Sources */,
				C8DC76D4278E14EA00E77A52 /* AddButton.swift in Sources */,
				C8DC76BA278E0E5200E77A52 /* AppDelegate.swift in Sources */,
				C8BED24D2797887A009F32C0 /* TableViewManager.swift in Sources */,
				C8DC76D0278E0E9200E77A52 /* NoteCell.swift in Sources */,
				C8DC76BC278E0E5200E77A52 /* SceneDelegate.swift in Sources */,
				C8CFCAE8279972BA000E035B /* Note+CoreDataClass.swift in Sources */,
				C865FA5E27973C4A00F0270E /* CustomTextView.swift in Sources */,
				C8CFCAEB27998382000E035B /* CoreDataManager.swift in Sources */,
				C84E478E2C0714DE004C2D85 /* UILabelExtension.swift in Sources */,
				C8DC76D2278E0F3200E77A52 /* NoteViewController.swift in Sources */,
				C865FA5C27973AE000F0270E /* CustomTextField.swift in Sources */,
				C8CFCAE527997178000E035B /* MyNotes.xcdatamodeld in Sources */,
			);
			runOnlyForDeploymentPostprocessing = 0;
		};
/* End PBXSourcesBuildPhase section */

/* Begin PBXVariantGroup section */
		C8DC76C4278E0E5300E77A52 /* LaunchScreen.storyboard */ = {
			isa = PBXVariantGroup;
			children = (
				C8DC76C5278E0E5300E77A52 /* Base */,
			);
			name = LaunchScreen.storyboard;
			sourceTree = "<group>";
		};
/* End PBXVariantGroup section */

/* Begin XCBuildConfiguration section */
		C8DC76C8278E0E5300E77A52 /* Debug */ = {
			isa = XCBuildConfiguration;
			buildSettings = {
				ALWAYS_SEARCH_USER_PATHS = NO;
				CLANG_ANALYZER_NONNULL = YES;
				CLANG_ANALYZER_NUMBER_OBJECT_CONVERSION = YES_AGGRESSIVE;
				CLANG_CXX_LANGUAGE_STANDARD = "gnu++17";
				CLANG_CXX_LIBRARY = "libc++";
				CLANG_ENABLE_MODULES = YES;
				CLANG_ENABLE_OBJC_ARC = YES;
				CLANG_ENABLE_OBJC_WEAK = YES;
				CLANG_WARN_BLOCK_CAPTURE_AUTORELEASING = YES;
				CLANG_WARN_BOOL_CONVERSION = YES;
				CLANG_WARN_COMMA = YES;
				CLANG_WARN_CONSTANT_CONVERSION = YES;
				CLANG_WARN_DEPRECATED_OBJC_IMPLEMENTATIONS = YES;
				CLANG_WARN_DIRECT_OBJC_ISA_USAGE = YES_ERROR;
				CLANG_WARN_DOCUMENTATION_COMMENTS = YES;
				CLANG_WARN_EMPTY_BODY = YES;
				CLANG_WARN_ENUM_CONVERSION = YES;
				CLANG_WARN_INFINITE_RECURSION = YES;
				CLANG_WARN_INT_CONVERSION = YES;
				CLANG_WARN_NON_LITERAL_NULL_CONVERSION = YES;
				CLANG_WARN_OBJC_IMPLICIT_RETAIN_SELF = YES;
				CLANG_WARN_OBJC_LITERAL_CONVERSION = YES;
				CLANG_WARN_OBJC_ROOT_CLASS = YES_ERROR;
				CLANG_WARN_QUOTED_INCLUDE_IN_FRAMEWORK_HEADER = YES;
				CLANG_WARN_RANGE_LOOP_ANALYSIS = YES;
				CLANG_WARN_STRICT_PROTOTYPES = YES;
				CLANG_WARN_SUSPICIOUS_MOVE = YES;
				CLANG_WARN_UNGUARDED_AVAILABILITY = YES_AGGRESSIVE;
				CLANG_WARN_UNREACHABLE_CODE = YES;
				CLANG_WARN__DUPLICATE_METHOD_MATCH = YES;
				COPY_PHASE_STRIP = NO;
				DEBUG_INFORMATION_FORMAT = dwarf;
				ENABLE_STRICT_OBJC_MSGSEND = YES;
				ENABLE_TESTABILITY = YES;
				GCC_C_LANGUAGE_STANDARD = gnu11;
				GCC_DYNAMIC_NO_PIC = NO;
				GCC_NO_COMMON_BLOCKS = YES;
				GCC_OPTIMIZATION_LEVEL = 0;
				GCC_PREPROCESSOR_DEFINITIONS = (
					"DEBUG=1",
					"$(inherited)",
				);
				GCC_WARN_64_TO_32_BIT_CONVERSION = YES;
				GCC_WARN_ABOUT_RETURN_TYPE = YES_ERROR;
				GCC_WARN_UNDECLARED_SELECTOR = YES;
				GCC_WARN_UNINITIALIZED_AUTOS = YES_AGGRESSIVE;
				GCC_WARN_UNUSED_FUNCTION = YES;
				GCC_WARN_UNUSED_VARIABLE = YES;
				IPHONEOS_DEPLOYMENT_TARGET = 15.2;
				MTL_ENABLE_DEBUG_INFO = INCLUDE_SOURCE;
				MTL_FAST_MATH = YES;
				ONLY_ACTIVE_ARCH = YES;
				SDKROOT = iphoneos;
				SWIFT_ACTIVE_COMPILATION_CONDITIONS = DEBUG;
				SWIFT_OPTIMIZATION_LEVEL = "-Onone";
			};
			name = Debug;
		};
		C8DC76C9278E0E5300E77A52 /* Release */ = {
			isa = XCBuildConfiguration;
			buildSettings = {
				ALWAYS_SEARCH_USER_PATHS = NO;
				CLANG_ANALYZER_NONNULL = YES;
				CLANG_ANALYZER_NUMBER_OBJECT_CONVERSION = YES_AGGRESSIVE;
				CLANG_CXX_LANGUAGE_STANDARD = "gnu++17";
				CLANG_CXX_LIBRARY = "libc++";
				CLANG_ENABLE_MODULES = YES;
				CLANG_ENABLE_OBJC_ARC = YES;
				CLANG_ENABLE_OBJC_WEAK = YES;
				CLANG_WARN_BLOCK_CAPTURE_AUTORELEASING = YES;
				CLANG_WARN_BOOL_CONVERSION = YES;
				CLANG_WARN_COMMA = YES;
				CLANG_WARN_CONSTANT_CONVERSION = YES;
				CLANG_WARN_DEPRECATED_OBJC_IMPLEMENTATIONS = YES;
				CLANG_WARN_DIRECT_OBJC_ISA_USAGE = YES_ERROR;
				CLANG_WARN_DOCUMENTATION_COMMENTS = YES;
				CLANG_WARN_EMPTY_BODY = YES;
				CLANG_WARN_ENUM_CONVERSION = YES;
				CLANG_WARN_INFINITE_RECURSION = YES;
				CLANG_WARN_INT_CONVERSION = YES;
				CLANG_WARN_NON_LITERAL_NULL_CONVERSION = YES;
				CLANG_WARN_OBJC_IMPLICIT_RETAIN_SELF = YES;
				CLANG_WARN_OBJC_LITERAL_CONVERSION = YES;
				CLANG_WARN_OBJC_ROOT_CLASS = YES_ERROR;
				CLANG_WARN_QUOTED_INCLUDE_IN_FRAMEWORK_HEADER = YES;
				CLANG_WARN_RANGE_LOOP_ANALYSIS = YES;
				CLANG_WARN_STRICT_PROTOTYPES = YES;
				CLANG_WARN_SUSPICIOUS_MOVE = YES;
				CLANG_WARN_UNGUARDED_AVAILABILITY = YES_AGGRESSIVE;
				CLANG_WARN_UNREACHABLE_CODE = YES;
				CLANG_WARN__DUPLICATE_METHOD_MATCH = YES;
				COPY_PHASE_STRIP = NO;
				DEBUG_INFORMATION_FORMAT = "dwarf-with-dsym";
				ENABLE_NS_ASSERTIONS = NO;
				ENABLE_STRICT_OBJC_MSGSEND = YES;
				GCC_C_LANGUAGE_STANDARD = gnu11;
				GCC_NO_COMMON_BLOCKS = YES;
				GCC_WARN_64_TO_32_BIT_CONVERSION = YES;
				GCC_WARN_ABOUT_RETURN_TYPE = YES_ERROR;
				GCC_WARN_UNDECLARED_SELECTOR = YES;
				GCC_WARN_UNINITIALIZED_AUTOS = YES_AGGRESSIVE;
				GCC_WARN_UNUSED_FUNCTION = YES;
				GCC_WARN_UNUSED_VARIABLE = YES;
				IPHONEOS_DEPLOYMENT_TARGET = 15.2;
				MTL_ENABLE_DEBUG_INFO = NO;
				MTL_FAST_MATH = YES;
				SDKROOT = iphoneos;
				SWIFT_COMPILATION_MODE = wholemodule;
				SWIFT_OPTIMIZATION_LEVEL = "-O";
				VALIDATE_PRODUCT = YES;
			};
			name = Release;
		};
		C8DC76CB278E0E5300E77A52 /* Debug */ = {
			isa = XCBuildConfiguration;
			buildSettings = {
				ASSETCATALOG_COMPILER_APPICON_NAME = AppIcon;
				ASSETCATALOG_COMPILER_GLOBAL_ACCENT_COLOR_NAME = AccentColor;
				CODE_SIGN_STYLE = Automatic;
				CURRENT_PROJECT_VERSION = 1;
				DEVELOPMENT_TEAM = Z36VGA9KK8;
				GENERATE_INFOPLIST_FILE = YES;
				INFOPLIST_FILE = NotesApp/Info.plist;
				INFOPLIST_KEY_UIApplicationSupportsIndirectInputEvents = YES;
				INFOPLIST_KEY_UILaunchStoryboardName = LaunchScreen;
				INFOPLIST_KEY_UISupportedInterfaceOrientations = UIInterfaceOrientationPortrait;
				INFOPLIST_KEY_UISupportedInterfaceOrientations_iPad = "UIInterfaceOrientationPortrait UIInterfaceOrientationPortraitUpsideDown UIInterfaceOrientationLandscapeLeft UIInterfaceOrientationLandscapeRight";
				INFOPLIST_KEY_UISupportedInterfaceOrientations_iPhone = "UIInterfaceOrientationPortrait UIInterfaceOrientationLandscapeLeft UIInterfaceOrientationLandscapeRight";
				LD_RUNPATH_SEARCH_PATHS = (
					"$(inherited)",
					"@executable_path/Frameworks",
				);
				MARKETING_VERSION = 1.0;
				PRODUCT_BUNDLE_IDENTIFIER = com.NotesApp;
				PRODUCT_NAME = "$(TARGET_NAME)";
				SWIFT_EMIT_LOC_STRINGS = YES;
				SWIFT_VERSION = 5.0;
				TARGETED_DEVICE_FAMILY = "1,2";
			};
			name = Debug;
		};
		C8DC76CC278E0E5300E77A52 /* Release */ = {
			isa = XCBuildConfiguration;
			buildSettings = {
				ASSETCATALOG_COMPILER_APPICON_NAME = AppIcon;
				ASSETCATALOG_COMPILER_GLOBAL_ACCENT_COLOR_NAME = AccentColor;
				CODE_SIGN_STYLE = Automatic;
				CURRENT_PROJECT_VERSION = 1;
				DEVELOPMENT_TEAM = Z36VGA9KK8;
				GENERATE_INFOPLIST_FILE = YES;
				INFOPLIST_FILE = NotesApp/Info.plist;
				INFOPLIST_KEY_UIApplicationSupportsIndirectInputEvents = YES;
				INFOPLIST_KEY_UILaunchStoryboardName = LaunchScreen;
				INFOPLIST_KEY_UISupportedInterfaceOrientations = UIInterfaceOrientationPortrait;
				INFOPLIST_KEY_UISupportedInterfaceOrientations_iPad = "UIInterfaceOrientationPortrait UIInterfaceOrientationPortraitUpsideDown UIInterfaceOrientationLandscapeLeft UIInterfaceOrientationLandscapeRight";
				INFOPLIST_KEY_UISupportedInterfaceOrientations_iPhone = "UIInterfaceOrientationPortrait UIInterfaceOrientationLandscapeLeft UIInterfaceOrientationLandscapeRight";
				LD_RUNPATH_SEARCH_PATHS = (
					"$(inherited)",
					"@executable_path/Frameworks",
				);
				MARKETING_VERSION = 1.0;
				PRODUCT_BUNDLE_IDENTIFIER = com.NotesApp;
				PRODUCT_NAME = "$(TARGET_NAME)";
				SWIFT_EMIT_LOC_STRINGS = YES;
				SWIFT_VERSION = 5.0;
				TARGETED_DEVICE_FAMILY = "1,2";
			};
			name = Release;
		};
/* End XCBuildConfiguration section */

/* Begin XCConfigurationList section */
		C8DC76B1278E0E5200E77A52 /* Build configuration list for PBXProject "NotesApp" */ = {
			isa = XCConfigurationList;
			buildConfigurations = (
				C8DC76C8278E0E5300E77A52 /* Debug */,
				C8DC76C9278E0E5300E77A52 /* Release */,
			);
			defaultConfigurationIsVisible = 0;
			defaultConfigurationName = Release;
		};
		C8DC76CA278E0E5300E77A52 /* Build configuration list for PBXNativeTarget "NotesApp" */ = {
			isa = XCConfigurationList;
			buildConfigurations = (
				C8DC76CB278E0E5300E77A52 /* Debug */,
				C8DC76CC278E0E5300E77A52 /* Release */,
			);
			defaultConfigurationIsVisible = 0;
			defaultConfigurationName = Release;
		};
/* End XCConfigurationList section */

/* Begin XCVersionGroup section */
		C8CFCAE327997178000E035B /* MyNotes.xcdatamodeld */ = {
			isa = XCVersionGroup;
			children = (
				C8CFCAE427997178000E035B /* MyNotes.xcdatamodel */,
			);
			currentVersion = C8CFCAE427997178000E035B /* MyNotes.xcdatamodel */;
			path = MyNotes.xcdatamodeld;
			sourceTree = "<group>";
			versionGroupType = wrapper.xcdatamodel;
		};
/* End XCVersionGroup section */
	};
	rootObject = C8DC76AE278E0E5200E77A52 /* Project object */;
}
